
Microsoft Visual Studio Solution File, Format Version 12.00
# Visual Studio Version 17
VisualStudioVersion = 17.13.35931.197
MinimumVisualStudioVersion = 10.0.40219.1
Project("{FAE04EC0-301F-11D3-BF4B-00C04F79EFBC}") = "PruebaDataAccess", "PruebaDataAccess\PruebaDataAccess.csproj", "{9E37846A-ACFE-4E40-8723-C94429E3E5DC}"
EndProject
Project("{FAE04EC0-301F-11D3-BF4B-00C04F79EFBC}") = "WebApiSDervicePrueba", "WebApiSDervicePrueba\WebApiSDervicePrueba.csproj", "{07463456-4B33-44FB-ABD3-9C23C3BB9B1A}"
EndProject
Project("{FAE04EC0-301F-11D3-BF4B-00C04F79EFBC}") = "MvcAppPrueba", "MvcAppPrueba\MvcAppPrueba.csproj", "{9B4BAFCF-C406-4062-AB2E-A397028509C5}"
EndProject
Project("{2150E333-8FDC-42A3-9474-1A3956D46DE8}") = "Database", "Database", "{02EA681E-C7D8-13C7-8484-4AC65E1B71E8}"
	ProjectSection(SolutionItems) = preProject
		C:\Users\luisu\Desktop\RegionComuna.sql = C:\Users\luisu\Desktop\RegionComuna.sql
	EndProjectSection
EndProject
Global
	GlobalSection(SolutionConfigurationPlatforms) = preSolution
		Debug|Any CPU = Debug|Any CPU
		Release|Any CPU = Release|Any CPU
	EndGlobalSection
	GlobalSection(ProjectConfigurationPlatforms) = postSolution
		{9E37846A-ACFE-4E40-8723-C94429E3E5DC}.Debug|Any CPU.ActiveCfg = Debug|Any CPU
		{9E37846A-ACFE-4E40-8723-C94429E3E5DC}.Debug|Any CPU.Build.0 = Debug|Any CPU
		{9E37846A-ACFE-4E40-8723-C94429E3E5DC}.Release|Any CPU.ActiveCfg = Release|Any CPU
		{9E37846A-ACFE-4E40-8723-C94429E3E5DC}.Release|Any CPU.Build.0 = Release|Any CPU
		{07463456-4B33-44FB-ABD3-9C23C3BB9B1A}.Debug|Any CPU.ActiveCfg = Debug|Any CPU
		{07463456-4B33-44FB-ABD3-9C23C3BB9B1A}.Debug|Any CPU.Build.0 = Debug|Any CPU
		{07463456-4B33-44FB-ABD3-9C23C3BB9B1A}.Release|Any CPU.ActiveCfg = Release|Any CPU
		{07463456-4B33-44FB-ABD3-9C23C3BB9B1A}.Release|Any CPU.Build.0 = Release|Any CPU
		{9B4BAFCF-C406-4062-AB2E-A397028509C5}.Debug|Any CPU.ActiveCfg = Debug|Any CPU
		{9B4BAFCF-C406-4062-AB2E-A397028509C5}.Debug|Any CPU.Build.0 = Debug|Any CPU
		{9B4BAFCF-C406-4062-AB2E-A397028509C5}.Release|Any CPU.ActiveCfg = Release|Any CPU
		{9B4BAFCF-C406-4062-AB2E-A397028509C5}.Release|Any CPU.Build.0 = Release|Any CPU
	EndGlobalSection
	GlobalSection(SolutionProperties) = preSolution
		HideSolutionNode = FALSE
	EndGlobalSection
	GlobalSection(ExtensibilityGlobals) = postSolution
		SolutionGuid = {7BE19093-5E84-4135-8E81-ADE8DDA5ADE6}
	EndGlobalSection
EndGlobal
